
Microsoft Visual Studio Solution File, Format Version 12.00
# Visual Studio 15
VisualStudioVersion = 15.0.28307.572
MinimumVisualStudioVersion = 10.0.40219.1
Project("{9A19103F-16F7-4668-BE54-9A1E7A4F7556}") = "eKlinika.WebAPI", "eKlinika.WebAPI\eKlinika.WebAPI.csproj", "{380DA2C5-B8F7-4305-A996-B7FD00AF7ACD}"
EndProject
Project("{9A19103F-16F7-4668-BE54-9A1E7A4F7556}") = "eKlinika.Model", "eKlinika.Model\eKlinika.Model.csproj", "{5C460B3D-A34B-4375-A34C-8E3221818B15}"
EndProject
Project("{2150E333-8FDC-42A3-9474-1A3956D46DE8}") = "UI", "UI", "{B9C302BD-B0F7-4092-94AC-D72AC8D2B244}"
EndProject
Project("{FAE04EC0-301F-11D3-BF4B-00C04F79EFBC}") = "eKlinika.WinUI", "eKlinika.WinUI\eKlinika.WinUI.csproj", "{D082F8F4-A306-4BB9-87AA-083CCF12BFCD}"
EndProject
Project("{2150E333-8FDC-42A3-9474-1A3956D46DE8}") = "Mobile", "Mobile", "{78F6E823-7E7C-459A-96EE-D2CB1C4A6204}"
EndProject
Project("{FAE04EC0-301F-11D3-BF4B-00C04F79EFBC}") = "eKlinika.MobileApp.Android", "eKlinika.MobileApp\eKlinika.MobileApp.Android\eKlinika.MobileApp.Android.csproj", "{24CE3C36-16B9-426D-AA0C-5961ECF8D88C}"
EndProject
Project("{FAE04EC0-301F-11D3-BF4B-00C04F79EFBC}") = "eKlinika.MobileApp.iOS", "eKlinika.MobileApp\eKlinika.MobileApp.iOS\eKlinika.MobileApp.iOS.csproj", "{5FE83068-2D92-4638-8AD7-8EF32906A160}"
EndProject
Project("{FAE04EC0-301F-11D3-BF4B-00C04F79EFBC}") = "eKlinika.MobileApp.UWP", "eKlinika.MobileApp\eKlinika.MobileApp.UWP\eKlinika.MobileApp.UWP.csproj", "{DB8C01A8-7012-4182-AC5C-EB9AED7B2313}"
EndProject
Project("{9A19103F-16F7-4668-BE54-9A1E7A4F7556}") = "eKlinika.MobileApp", "eKlinika.MobileApp\eKlinika.MobileApp\eKlinika.MobileApp.csproj", "{DB7F2727-9EDC-4CC4-B9A6-CF3DA1215A10}"
EndProject
Global
	GlobalSection(SolutionConfigurationPlatforms) = preSolution
		Debug|Any CPU = Debug|Any CPU
		Debug|ARM = Debug|ARM
		Debug|iPhone = Debug|iPhone
		Debug|iPhoneSimulator = Debug|iPhoneSimulator
		Debug|x64 = Debug|x64
		Debug|x86 = Debug|x86
		Release|Any CPU = Release|Any CPU
		Release|ARM = Release|ARM
		Release|iPhone = Release|iPhone
		Release|iPhoneSimulator = Release|iPhoneSimulator
		Release|x64 = Release|x64
		Release|x86 = Release|x86
	EndGlobalSection
	GlobalSection(ProjectConfigurationPlatforms) = postSolution
		{380DA2C5-B8F7-4305-A996-B7FD00AF7ACD}.Debug|Any CPU.ActiveCfg = Debug|Any CPU
		{380DA2C5-B8F7-4305-A996-B7FD00AF7ACD}.Debug|Any CPU.Build.0 = Debug|Any CPU
		{380DA2C5-B8F7-4305-A996-B7FD00AF7ACD}.Debug|ARM.ActiveCfg = Debug|Any CPU
		{380DA2C5-B8F7-4305-A996-B7FD00AF7ACD}.Debug|ARM.Build.0 = Debug|Any CPU
		{380DA2C5-B8F7-4305-A996-B7FD00AF7ACD}.Debug|iPhone.ActiveCfg = Debug|Any CPU
		{380DA2C5-B8F7-4305-A996-B7FD00AF7ACD}.Debug|iPhone.Build.0 = Debug|Any CPU
		{380DA2C5-B8F7-4305-A996-B7FD00AF7ACD}.Debug|iPhoneSimulator.ActiveCfg = Debug|Any CPU
		{380DA2C5-B8F7-4305-A996-B7FD00AF7ACD}.Debug|iPhoneSimulator.Build.0 = Debug|Any CPU
		{380DA2C5-B8F7-4305-A996-B7FD00AF7ACD}.Debug|x64.ActiveCfg = Debug|Any CPU
		{380DA2C5-B8F7-4305-A996-B7FD00AF7ACD}.Debug|x64.Build.0 = Debug|Any CPU
		{380DA2C5-B8F7-4305-A996-B7FD00AF7ACD}.Debug|x86.ActiveCfg = Debug|Any CPU
		{380DA2C5-B8F7-4305-A996-B7FD00AF7ACD}.Debug|x86.Build.0 = Debug|Any CPU
		{380DA2C5-B8F7-4305-A996-B7FD00AF7ACD}.Release|Any CPU.ActiveCfg = Release|Any CPU
		{380DA2C5-B8F7-4305-A996-B7FD00AF7ACD}.Release|Any CPU.Build.0 = Release|Any CPU
		{380DA2C5-B8F7-4305-A996-B7FD00AF7ACD}.Release|ARM.ActiveCfg = Release|Any CPU
		{380DA2C5-B8F7-4305-A996-B7FD00AF7ACD}.Release|ARM.Build.0 = Release|Any CPU
		{380DA2C5-B8F7-4305-A996-B7FD00AF7ACD}.Release|iPhone.ActiveCfg = Release|Any CPU
		{380DA2C5-B8F7-4305-A996-B7FD00AF7ACD}.Release|iPhone.Build.0 = Release|Any CPU
		{380DA2C5-B8F7-4305-A996-B7FD00AF7ACD}.Release|iPhoneSimulator.ActiveCfg = Release|Any CPU
		{380DA2C5-B8F7-4305-A996-B7FD00AF7ACD}.Release|iPhoneSimulator.Build.0 = Release|Any CPU
		{380DA2C5-B8F7-4305-A996-B7FD00AF7ACD}.Release|x64.ActiveCfg = Release|Any CPU
		{380DA2C5-B8F7-4305-A996-B7FD00AF7ACD}.Release|x64.Build.0 = Release|Any CPU
		{380DA2C5-B8F7-4305-A996-B7FD00AF7ACD}.Release|x86.ActiveCfg = Release|Any CPU
		{380DA2C5-B8F7-4305-A996-B7FD00AF7ACD}.Release|x86.Build.0 = Release|Any CPU
		{5C460B3D-A34B-4375-A34C-8E3221818B15}.Debug|Any CPU.ActiveCfg = Debug|Any CPU
		{5C460B3D-A34B-4375-A34C-8E3221818B15}.Debug|Any CPU.Build.0 = Debug|Any CPU
		{5C460B3D-A34B-4375-A34C-8E3221818B15}.Debug|ARM.ActiveCfg = Debug|Any CPU
		{5C460B3D-A34B-4375-A34C-8E3221818B15}.Debug|ARM.Build.0 = Debug|Any CPU
		{5C460B3D-A34B-4375-A34C-8E3221818B15}.Debug|iPhone.ActiveCfg = Debug|Any CPU
		{5C460B3D-A34B-4375-A34C-8E3221818B15}.Debug|iPhone.Build.0 = Debug|Any CPU
		{5C460B3D-A34B-4375-A34C-8E3221818B15}.Debug|iPhoneSimulator.ActiveCfg = Debug|Any CPU
		{5C460B3D-A34B-4375-A34C-8E3221818B15}.Debug|iPhoneSimulator.Build.0 = Debug|Any CPU
		{5C460B3D-A34B-4375-A34C-8E3221818B15}.Debug|x64.ActiveCfg = Debug|Any CPU
		{5C460B3D-A34B-4375-A34C-8E3221818B15}.Debug|x64.Build.0 = Debug|Any CPU
		{5C460B3D-A34B-4375-A34C-8E3221818B15}.Debug|x86.ActiveCfg = Debug|Any CPU
		{5C460B3D-A34B-4375-A34C-8E3221818B15}.Debug|x86.Build.0 = Debug|Any CPU
		{5C460B3D-A34B-4375-A34C-8E3221818B15}.Release|Any CPU.ActiveCfg = Release|Any CPU
		{5C460B3D-A34B-4375-A34C-8E3221818B15}.Release|Any CPU.Build.0 = Release|Any CPU
		{5C460B3D-A34B-4375-A34C-8E3221818B15}.Release|ARM.ActiveCfg = Release|Any CPU
		{5C460B3D-A34B-4375-A34C-8E3221818B15}.Release|ARM.Build.0 = Release|Any CPU
		{5C460B3D-A34B-4375-A34C-8E3221818B15}.Release|iPhone.ActiveCfg = Release|Any CPU
		{5C460B3D-A34B-4375-A34C-8E3221818B15}.Release|iPhone.Build.0 = Release|Any CPU
		{5C460B3D-A34B-4375-A34C-8E3221818B15}.Release|iPhoneSimulator.ActiveCfg = Release|Any CPU
		{5C460B3D-A34B-4375-A34C-8E3221818B15}.Release|iPhoneSimulator.Build.0 = Release|Any CPU
		{5C460B3D-A34B-4375-A34C-8E3221818B15}.Release|x64.ActiveCfg = Release|Any CPU
		{5C460B3D-A34B-4375-A34C-8E3221818B15}.Release|x64.Build.0 = Release|Any CPU
		{5C460B3D-A34B-4375-A34C-8E3221818B15}.Release|x86.ActiveCfg = Release|Any CPU
		{5C460B3D-A34B-4375-A34C-8E3221818B15}.Release|x86.Build.0 = Release|Any CPU
		{D082F8F4-A306-4BB9-87AA-083CCF12BFCD}.Debug|Any CPU.ActiveCfg = Debug|Any CPU
		{D082F8F4-A306-4BB9-87AA-083CCF12BFCD}.Debug|Any CPU.Build.0 = Debug|Any CPU
		{D082F8F4-A306-4BB9-87AA-083CCF12BFCD}.Debug|ARM.ActiveCfg = Debug|Any CPU
		{D082F8F4-A306-4BB9-87AA-083CCF12BFCD}.Debug|ARM.Build.0 = Debug|Any CPU
		{D082F8F4-A306-4BB9-87AA-083CCF12BFCD}.Debug|iPhone.ActiveCfg = Debug|Any CPU
		{D082F8F4-A306-4BB9-87AA-083CCF12BFCD}.Debug|iPhone.Build.0 = Debug|Any CPU
		{D082F8F4-A306-4BB9-87AA-083CCF12BFCD}.Debug|iPhoneSimulator.ActiveCfg = Debug|Any CPU
		{D082F8F4-A306-4BB9-87AA-083CCF12BFCD}.Debug|iPhoneSimulator.Build.0 = Debug|Any CPU
		{D082F8F4-A306-4BB9-87AA-083CCF12BFCD}.Debug|x64.ActiveCfg = Debug|Any CPU
		{D082F8F4-A306-4BB9-87AA-083CCF12BFCD}.Debug|x64.Build.0 = Debug|Any CPU
		{D082F8F4-A306-4BB9-87AA-083CCF12BFCD}.Debug|x86.ActiveCfg = Debug|Any CPU
		{D082F8F4-A306-4BB9-87AA-083CCF12BFCD}.Debug|x86.Build.0 = Debug|Any CPU
		{D082F8F4-A306-4BB9-87AA-083CCF12BFCD}.Release|Any CPU.ActiveCfg = Release|Any CPU
		{D082F8F4-A306-4BB9-87AA-083CCF12BFCD}.Release|Any CPU.Build.0 = Release|Any CPU
		{D082F8F4-A306-4BB9-87AA-083CCF12BFCD}.Release|ARM.ActiveCfg = Release|Any CPU
		{D082F8F4-A306-4BB9-87AA-083CCF12BFCD}.Release|ARM.Build.0 = Release|Any CPU
		{D082F8F4-A306-4BB9-87AA-083CCF12BFCD}.Release|iPhone.ActiveCfg = Release|Any CPU
		{D082F8F4-A306-4BB9-87AA-083CCF12BFCD}.Release|iPhone.Build.0 = Release|Any CPU
		{D082F8F4-A306-4BB9-87AA-083CCF12BFCD}.Release|iPhoneSimulator.ActiveCfg = Release|Any CPU
		{D082F8F4-A306-4BB9-87AA-083CCF12BFCD}.Release|iPhoneSimulator.Build.0 = Release|Any CPU
		{D082F8F4-A306-4BB9-87AA-083CCF12BFCD}.Release|x64.ActiveCfg = Release|Any CPU
		{D082F8F4-A306-4BB9-87AA-083CCF12BFCD}.Release|x64.Build.0 = Release|Any CPU
		{D082F8F4-A306-4BB9-87AA-083CCF12BFCD}.Release|x86.ActiveCfg = Release|Any CPU
		{D082F8F4-A306-4BB9-87AA-083CCF12BFCD}.Release|x86.Build.0 = Release|Any CPU
		{24CE3C36-16B9-426D-AA0C-5961ECF8D88C}.Debug|Any CPU.ActiveCfg = Debug|Any CPU
		{24CE3C36-16B9-426D-AA0C-5961ECF8D88C}.Debug|Any CPU.Build.0 = Debug|Any CPU
		{24CE3C36-16B9-426D-AA0C-5961ECF8D88C}.Debug|Any CPU.Deploy.0 = Debug|Any CPU
		{24CE3C36-16B9-426D-AA0C-5961ECF8D88C}.Debug|ARM.ActiveCfg = Debug|Any CPU
		{24CE3C36-16B9-426D-AA0C-5961ECF8D88C}.Debug|ARM.Build.0 = Debug|Any CPU
		{24CE3C36-16B9-426D-AA0C-5961ECF8D88C}.Debug|ARM.Deploy.0 = Debug|Any CPU
		{24CE3C36-16B9-426D-AA0C-5961ECF8D88C}.Debug|iPhone.ActiveCfg = Debug|Any CPU
		{24CE3C36-16B9-426D-AA0C-5961ECF8D88C}.Debug|iPhone.Build.0 = Debug|Any CPU
		{24CE3C36-16B9-426D-AA0C-5961ECF8D88C}.Debug|iPhone.Deploy.0 = Debug|Any CPU
		{24CE3C36-16B9-426D-AA0C-5961ECF8D88C}.Debug|iPhoneSimulator.ActiveCfg = Debug|Any CPU
		{24CE3C36-16B9-426D-AA0C-5961ECF8D88C}.Debug|iPhoneSimulator.Build.0 = Debug|Any CPU
		{24CE3C36-16B9-426D-AA0C-5961ECF8D88C}.Debug|iPhoneSimulator.Deploy.0 = Debug|Any CPU
		{24CE3C36-16B9-426D-AA0C-5961ECF8D88C}.Debug|x64.ActiveCfg = Debug|Any CPU
		{24CE3C36-16B9-426D-AA0C-5961ECF8D88C}.Debug|x64.Build.0 = Debug|Any CPU
		{24CE3C36-16B9-426D-AA0C-5961ECF8D88C}.Debug|x64.Deploy.0 = Debug|Any CPU
		{24CE3C36-16B9-426D-AA0C-5961ECF8D88C}.Debug|x86.ActiveCfg = Debug|Any CPU
		{24CE3C36-16B9-426D-AA0C-5961ECF8D88C}.Debug|x86.Build.0 = Debug|Any CPU
		{24CE3C36-16B9-426D-AA0C-5961ECF8D88C}.Debug|x86.Deploy.0 = Debug|Any CPU
		{24CE3C36-16B9-426D-AA0C-5961ECF8D88C}.Release|Any CPU.ActiveCfg = Release|Any CPU
		{24CE3C36-16B9-426D-AA0C-5961ECF8D88C}.Release|Any CPU.Build.0 = Release|Any CPU
		{24CE3C36-16B9-426D-AA0C-5961ECF8D88C}.Release|Any CPU.Deploy.0 = Release|Any CPU
		{24CE3C36-16B9-426D-AA0C-5961ECF8D88C}.Release|ARM.ActiveCfg = Release|Any CPU
		{24CE3C36-16B9-426D-AA0C-5961ECF8D88C}.Release|ARM.Build.0 = Release|Any CPU
		{24CE3C36-16B9-426D-AA0C-5961ECF8D88C}.Release|ARM.Deploy.0 = Release|Any CPU
		{24CE3C36-16B9-426D-AA0C-5961ECF8D88C}.Release|iPhone.ActiveCfg = Release|Any CPU
		{24CE3C36-16B9-426D-AA0C-5961ECF8D88C}.Release|iPhone.Build.0 = Release|Any CPU
		{24CE3C36-16B9-426D-AA0C-5961ECF8D88C}.Release|iPhone.Deploy.0 = Release|Any CPU
		{24CE3C36-16B9-426D-AA0C-5961ECF8D88C}.Release|iPhoneSimulator.ActiveCfg = Release|Any CPU
		{24CE3C36-16B9-426D-AA0C-5961ECF8D88C}.Release|iPhoneSimulator.Build.0 = Release|Any CPU
		{24CE3C36-16B9-426D-AA0C-5961ECF8D88C}.Release|iPhoneSimulator.Deploy.0 = Release|Any CPU
		{24CE3C36-16B9-426D-AA0C-5961ECF8D88C}.Release|x64.ActiveCfg = Release|Any CPU
		{24CE3C36-16B9-426D-AA0C-5961ECF8D88C}.Release|x64.Build.0 = Release|Any CPU
		{24CE3C36-16B9-426D-AA0C-5961ECF8D88C}.Release|x64.Deploy.0 = Release|Any CPU
		{24CE3C36-16B9-426D-AA0C-5961ECF8D88C}.Release|x86.ActiveCfg = Release|Any CPU
		{24CE3C36-16B9-426D-AA0C-5961ECF8D88C}.Release|x86.Build.0 = Release|Any CPU
		{24CE3C36-16B9-426D-AA0C-5961ECF8D88C}.Release|x86.Deploy.0 = Release|Any CPU
		{5FE83068-2D92-4638-8AD7-8EF32906A160}.Debug|Any CPU.ActiveCfg = Debug|iPhone
		{5FE83068-2D92-4638-8AD7-8EF32906A160}.Debug|ARM.ActiveCfg = Debug|iPhone
		{5FE83068-2D92-4638-8AD7-8EF32906A160}.Debug|iPhone.ActiveCfg = Debug|iPhone
		{5FE83068-2D92-4638-8AD7-8EF32906A160}.Debug|iPhone.Build.0 = Debug|iPhone
		{5FE83068-2D92-4638-8AD7-8EF32906A160}.Debug|iPhoneSimulator.ActiveCfg = Debug|iPhoneSimulator
		{5FE83068-2D92-4638-8AD7-8EF32906A160}.Debug|iPhoneSimulator.Build.0 = Debug|iPhoneSimulator
		{5FE83068-2D92-4638-8AD7-8EF32906A160}.Debug|x64.ActiveCfg = Debug|iPhone
		{5FE83068-2D92-4638-8AD7-8EF32906A160}.Debug|x86.ActiveCfg = Debug|iPhone
		{5FE83068-2D92-4638-8AD7-8EF32906A160}.Release|Any CPU.ActiveCfg = Release|iPhone
		{5FE83068-2D92-4638-8AD7-8EF32906A160}.Release|ARM.ActiveCfg = Release|iPhone
		{5FE83068-2D92-4638-8AD7-8EF32906A160}.Release|iPhone.ActiveCfg = Release|iPhone
		{5FE83068-2D92-4638-8AD7-8EF32906A160}.Release|iPhone.Build.0 = Release|iPhone
		{5FE83068-2D92-4638-8AD7-8EF32906A160}.Release|iPhoneSimulator.ActiveCfg = Release|iPhoneSimulator
		{5FE83068-2D92-4638-8AD7-8EF32906A160}.Release|iPhoneSimulator.Build.0 = Release|iPhoneSimulator
		{5FE83068-2D92-4638-8AD7-8EF32906A160}.Release|x64.ActiveCfg = Release|iPhone
		{5FE83068-2D92-4638-8AD7-8EF32906A160}.Release|x86.ActiveCfg = Release|iPhone
		{DB8C01A8-7012-4182-AC5C-EB9AED7B2313}.Debug|Any CPU.ActiveCfg = Debug|x86
		{DB8C01A8-7012-4182-AC5C-EB9AED7B2313}.Debug|Any CPU.Build.0 = Debug|x86
		{DB8C01A8-7012-4182-AC5C-EB9AED7B2313}.Debug|ARM.ActiveCfg = Debug|ARM
		{DB8C01A8-7012-4182-AC5C-EB9AED7B2313}.Debug|ARM.Build.0 = Debug|ARM
		{DB8C01A8-7012-4182-AC5C-EB9AED7B2313}.Debug|ARM.Deploy.0 = Debug|ARM
		{DB8C01A8-7012-4182-AC5C-EB9AED7B2313}.Debug|iPhone.ActiveCfg = Debug|x86
		{DB8C01A8-7012-4182-AC5C-EB9AED7B2313}.Debug|iPhoneSimulator.ActiveCfg = Debug|x86
		{DB8C01A8-7012-4182-AC5C-EB9AED7B2313}.Debug|x64.ActiveCfg = Debug|x64
		{DB8C01A8-7012-4182-AC5C-EB9AED7B2313}.Debug|x64.Build.0 = Debug|x64
		{DB8C01A8-7012-4182-AC5C-EB9AED7B2313}.Debug|x64.Deploy.0 = Debug|x64
		{DB8C01A8-7012-4182-AC5C-EB9AED7B2313}.Debug|x86.ActiveCfg = Debug|x86
		{DB8C01A8-7012-4182-AC5C-EB9AED7B2313}.Debug|x86.Build.0 = Debug|x86
		{DB8C01A8-7012-4182-AC5C-EB9AED7B2313}.Debug|x86.Deploy.0 = Debug|x86
		{DB8C01A8-7012-4182-AC5C-EB9AED7B2313}.Release|Any CPU.ActiveCfg = Release|x86
		{DB8C01A8-7012-4182-AC5C-EB9AED7B2313}.Release|ARM.ActiveCfg = Release|ARM
		{DB8C01A8-7012-4182-AC5C-EB9AED7B2313}.Release|ARM.Build.0 = Release|ARM
		{DB8C01A8-7012-4182-AC5C-EB9AED7B2313}.Release|ARM.Deploy.0 = Release|ARM
		{DB8C01A8-7012-4182-AC5C-EB9AED7B2313}.Release|iPhone.ActiveCfg = Release|x86
		{DB8C01A8-7012-4182-AC5C-EB9AED7B2313}.Release|iPhoneSimulator.ActiveCfg = Release|x86
		{DB8C01A8-7012-4182-AC5C-EB9AED7B2313}.Release|x64.ActiveCfg = Release|x64
		{DB8C01A8-7012-4182-AC5C-EB9AED7B2313}.Release|x64.Build.0 = Release|x64
		{DB8C01A8-7012-4182-AC5C-EB9AED7B2313}.Release|x64.Deploy.0 = Release|x64
		{DB8C01A8-7012-4182-AC5C-EB9AED7B2313}.Release|x86.ActiveCfg = Release|x86
		{DB8C01A8-7012-4182-AC5C-EB9AED7B2313}.Release|x86.Build.0 = Release|x86
		{DB8C01A8-7012-4182-AC5C-EB9AED7B2313}.Release|x86.Deploy.0 = Release|x86
		{DB7F2727-9EDC-4CC4-B9A6-CF3DA1215A10}.Debug|Any CPU.ActiveCfg = Debug|Any CPU
		{DB7F2727-9EDC-4CC4-B9A6-CF3DA1215A10}.Debug|Any CPU.Build.0 = Debug|Any CPU
		{DB7F2727-9EDC-4CC4-B9A6-CF3DA1215A10}.Debug|ARM.ActiveCfg = Debug|Any CPU
		{DB7F2727-9EDC-4CC4-B9A6-CF3DA1215A10}.Debug|ARM.Build.0 = Debug|Any CPU
		{DB7F2727-9EDC-4CC4-B9A6-CF3DA1215A10}.Debug|iPhone.ActiveCfg = Debug|Any CPU
		{DB7F2727-9EDC-4CC4-B9A6-CF3DA1215A10}.Debug|iPhone.Build.0 = Debug|Any CPU
		{DB7F2727-9EDC-4CC4-B9A6-CF3DA1215A10}.Debug|iPhoneSimulator.ActiveCfg = Debug|Any CPU
		{DB7F2727-9EDC-4CC4-B9A6-CF3DA1215A10}.Debug|iPhoneSimulator.Build.0 = Debug|Any CPU
		{DB7F2727-9EDC-4CC4-B9A6-CF3DA1215A10}.Debug|x64.ActiveCfg = Debug|Any CPU
		{DB7F2727-9EDC-4CC4-B9A6-CF3DA1215A10}.Debug|x64.Build.0 = Debug|Any CPU
		{DB7F2727-9EDC-4CC4-B9A6-CF3DA1215A10}.Debug|x86.ActiveCfg = Debug|Any CPU
		{DB7F2727-9EDC-4CC4-B9A6-CF3DA1215A10}.Debug|x86.Build.0 = Debug|Any CPU
		{DB7F2727-9EDC-4CC4-B9A6-CF3DA1215A10}.Release|Any CPU.ActiveCfg = Release|Any CPU
		{DB7F2727-9EDC-4CC4-B9A6-CF3DA1215A10}.Release|Any CPU.Build.0 = Release|Any CPU
		{DB7F2727-9EDC-4CC4-B9A6-CF3DA1215A10}.Release|ARM.ActiveCfg = Release|Any CPU
		{DB7F2727-9EDC-4CC4-B9A6-CF3DA1215A10}.Release|ARM.Build.0 = Release|Any CPU
		{DB7F2727-9EDC-4CC4-B9A6-CF3DA1215A10}.Release|iPhone.ActiveCfg = Release|Any CPU
		{DB7F2727-9EDC-4CC4-B9A6-CF3DA1215A10}.Release|iPhone.Build.0 = Release|Any CPU
		{DB7F2727-9EDC-4CC4-B9A6-CF3DA1215A10}.Release|iPhoneSimulator.ActiveCfg = Release|Any CPU
		{DB7F2727-9EDC-4CC4-B9A6-CF3DA1215A10}.Release|iPhoneSimulator.Build.0 = Release|Any CPU
		{DB7F2727-9EDC-4CC4-B9A6-CF3DA1215A10}.Release|x64.ActiveCfg = Release|Any CPU
		{DB7F2727-9EDC-4CC4-B9A6-CF3DA1215A10}.Release|x64.Build.0 = Release|Any CPU
		{DB7F2727-9EDC-4CC4-B9A6-CF3DA1215A10}.Release|x86.ActiveCfg = Release|Any CPU
		{DB7F2727-9EDC-4CC4-B9A6-CF3DA1215A10}.Release|x86.Build.0 = Release|Any CPU
	EndGlobalSection
	GlobalSection(SolutionProperties) = preSolution
		HideSolutionNode = FALSE
	EndGlobalSection
	GlobalSection(NestedProjects) = preSolution
		{D082F8F4-A306-4BB9-87AA-083CCF12BFCD} = {B9C302BD-B0F7-4092-94AC-D72AC8D2B244}
		{78F6E823-7E7C-459A-96EE-D2CB1C4A6204} = {B9C302BD-B0F7-4092-94AC-D72AC8D2B244}
		{24CE3C36-16B9-426D-AA0C-5961ECF8D88C} = {78F6E823-7E7C-459A-96EE-D2CB1C4A6204}
		{5FE83068-2D92-4638-8AD7-8EF32906A160} = {78F6E823-7E7C-459A-96EE-D2CB1C4A6204}
		{DB8C01A8-7012-4182-AC5C-EB9AED7B2313} = {78F6E823-7E7C-459A-96EE-D2CB1C4A6204}
		{DB7F2727-9EDC-4CC4-B9A6-CF3DA1215A10} = {78F6E823-7E7C-459A-96EE-D2CB1C4A6204}
	EndGlobalSection
	GlobalSection(ExtensibilityGlobals) = postSolution
		SolutionGuid = {0FC65E69-9CB2-4C56-8D70-BDF5563D9B54}
	EndGlobalSection
EndGlobal
