
Microsoft Visual Studio Solution File, Format Version 12.00
# Visual Studio 15
VisualStudioVersion = 15.0.28307.572
MinimumVisualStudioVersion = 10.0.40219.1
Project("{9A19103F-16F7-4668-BE54-9A1E7A4F7556}") = "eKlinika.WebAPI", "eKlinika.WebAPI\eKlinika.WebAPI.csproj", "{380DA2C5-B8F7-4305-A996-B7FD00AF7ACD}"
EndProject
Project("{9A19103F-16F7-4668-BE54-9A1E7A4F7556}") = "eKlinika.Model", "eKlinika.Model\eKlinika.Model.csproj", "{5C460B3D-A34B-4375-A34C-8E3221818B15}"
EndProject
Project("{2150E333-8FDC-42A3-9474-1A3956D46DE8}") = "UI", "UI", "{B9C302BD-B0F7-4092-94AC-D72AC8D2B244}"
EndProject
Project("{FAE04EC0-301F-11D3-BF4B-00C04F79EFBC}") = "eKlinika.WinUI", "eKlinika.WinUI\eKlinika.WinUI.csproj", "{D082F8F4-A306-4BB9-87AA-083CCF12BFCD}"
EndProject
Global
	GlobalSection(SolutionConfigurationPlatforms) = preSolution
		Debug|Any CPU = Debug|Any CPU
		Release|Any CPU = Release|Any CPU
	EndGlobalSection
	GlobalSection(ProjectConfigurationPlatforms) = postSolution
		{380DA2C5-B8F7-4305-A996-B7FD00AF7ACD}.Debug|Any CPU.ActiveCfg = Debug|Any CPU
		{380DA2C5-B8F7-4305-A996-B7FD00AF7ACD}.Debug|Any CPU.Build.0 = Debug|Any CPU
		{380DA2C5-B8F7-4305-A996-B7FD00AF7ACD}.Release|Any CPU.ActiveCfg = Release|Any CPU
		{380DA2C5-B8F7-4305-A996-B7FD00AF7ACD}.Release|Any CPU.Build.0 = Release|Any CPU
		{5C460B3D-A34B-4375-A34C-8E3221818B15}.Debug|Any CPU.ActiveCfg = Debug|Any CPU
		{5C460B3D-A34B-4375-A34C-8E3221818B15}.Debug|Any CPU.Build.0 = Debug|Any CPU
		{5C460B3D-A34B-4375-A34C-8E3221818B15}.Release|Any CPU.ActiveCfg = Release|Any CPU
		{5C460B3D-A34B-4375-A34C-8E3221818B15}.Release|Any CPU.Build.0 = Release|Any CPU
		{D082F8F4-A306-4BB9-87AA-083CCF12BFCD}.Debug|Any CPU.ActiveCfg = Debug|Any CPU
		{D082F8F4-A306-4BB9-87AA-083CCF12BFCD}.Debug|Any CPU.Build.0 = Debug|Any CPU
		{D082F8F4-A306-4BB9-87AA-083CCF12BFCD}.Release|Any CPU.ActiveCfg = Release|Any CPU
		{D082F8F4-A306-4BB9-87AA-083CCF12BFCD}.Release|Any CPU.Build.0 = Release|Any CPU
	EndGlobalSection
	GlobalSection(SolutionProperties) = preSolution
		HideSolutionNode = FALSE
	EndGlobalSection
	GlobalSection(NestedProjects) = preSolution
		{D082F8F4-A306-4BB9-87AA-083CCF12BFCD} = {B9C302BD-B0F7-4092-94AC-D72AC8D2B244}
	EndGlobalSection
	GlobalSection(ExtensibilityGlobals) = postSolution
		SolutionGuid = {0FC65E69-9CB2-4C56-8D70-BDF5563D9B54}
	EndGlobalSection
EndGlobal
