
Microsoft Visual Studio Solution File, Format Version 12.00
# Visual Studio 15
VisualStudioVersion = 15.0.28307.572
MinimumVisualStudioVersion = 10.0.40219.1
Project("{FAE04EC0-301F-11D3-BF4B-00C04F79EFBC}") = "eKlinika.WebAPI", "eKlinika.WebAPI\eKlinika.WebAPI.csproj", "{380DA2C5-B8F7-4305-A996-B7FD00AF7ACD}"
EndProject
Project("{FAE04EC0-301F-11D3-BF4B-00C04F79EFBC}") = "eKlinika.Model", "eKlinika.Model\eKlinika.Model.csproj", "{5C460B3D-A34B-4375-A34C-8E3221818B15}"
EndProject
Global
	GlobalSection(SolutionConfigurationPlatforms) = preSolution
		Debug|Any CPU = Debug|Any CPU
		Release|Any CPU = Release|Any CPU
	EndGlobalSection
	GlobalSection(ProjectConfigurationPlatforms) = postSolution
		{380DA2C5-B8F7-4305-A996-B7FD00AF7ACD}.Debug|Any CPU.ActiveCfg = Debug|Any CPU
		{380DA2C5-B8F7-4305-A996-B7FD00AF7ACD}.Debug|Any CPU.Build.0 = Debug|Any CPU
		{380DA2C5-B8F7-4305-A996-B7FD00AF7ACD}.Release|Any CPU.ActiveCfg = Release|Any CPU
		{380DA2C5-B8F7-4305-A996-B7FD00AF7ACD}.Release|Any CPU.Build.0 = Release|Any CPU
		{5C460B3D-A34B-4375-A34C-8E3221818B15}.Debug|Any CPU.ActiveCfg = Debug|Any CPU
		{5C460B3D-A34B-4375-A34C-8E3221818B15}.Debug|Any CPU.Build.0 = Debug|Any CPU
		{5C460B3D-A34B-4375-A34C-8E3221818B15}.Release|Any CPU.ActiveCfg = Release|Any CPU
		{5C460B3D-A34B-4375-A34C-8E3221818B15}.Release|Any CPU.Build.0 = Release|Any CPU
	EndGlobalSection
	GlobalSection(SolutionProperties) = preSolution
		HideSolutionNode = FALSE
	EndGlobalSection
	GlobalSection(ExtensibilityGlobals) = postSolution
		SolutionGuid = {0FC65E69-9CB2-4C56-8D70-BDF5563D9B54}
	EndGlobalSection
EndGlobal
